
Microsoft Visual Studio Solution File, Format Version 12.00
Project("{FAE04EC0-301F-11D3-BF4B-00C04F79EFBC}") = "Server", "Server\Server.csproj", "{DC7B1DC4-471D-4CE4-AB3A-81DD806B5684}"
EndProject
Project("{FAE04EC0-301F-11D3-BF4B-00C04F79EFBC}") = "Client", "Client\Client.csproj", "{D770E8C1-A7D6-4EA4-966B-4D7DB455D5C4}"
EndProject
Project("{FAE04EC0-301F-11D3-BF4B-00C04F79EFBC}") = "TCPLibrary", "TCPLibrary\TCPLibrary.csproj", "{603174EE-BBC3-4672-8847-898967F0ED49}"
EndProject
Project("{FAE04EC0-301F-11D3-BF4B-00C04F79EFBC}") = "MessageModel", "MessageModel\MessageModel.csproj", "{DBB1EF73-6705-4786-9952-F0DDFBC35191}"
EndProject
Global
	GlobalSection(SolutionConfigurationPlatforms) = preSolution
		Debug|Any CPU = Debug|Any CPU
		Release|Any CPU = Release|Any CPU
	EndGlobalSection
	GlobalSection(ProjectConfigurationPlatforms) = postSolution
		{DC7B1DC4-471D-4CE4-AB3A-81DD806B5684}.Debug|Any CPU.ActiveCfg = Debug|Any CPU
		{DC7B1DC4-471D-4CE4-AB3A-81DD806B5684}.Debug|Any CPU.Build.0 = Debug|Any CPU
		{DC7B1DC4-471D-4CE4-AB3A-81DD806B5684}.Release|Any CPU.ActiveCfg = Release|Any CPU
		{DC7B1DC4-471D-4CE4-AB3A-81DD806B5684}.Release|Any CPU.Build.0 = Release|Any CPU
		{D770E8C1-A7D6-4EA4-966B-4D7DB455D5C4}.Debug|Any CPU.ActiveCfg = Debug|Any CPU
		{D770E8C1-A7D6-4EA4-966B-4D7DB455D5C4}.Debug|Any CPU.Build.0 = Debug|Any CPU
		{D770E8C1-A7D6-4EA4-966B-4D7DB455D5C4}.Release|Any CPU.ActiveCfg = Release|Any CPU
		{D770E8C1-A7D6-4EA4-966B-4D7DB455D5C4}.Release|Any CPU.Build.0 = Release|Any CPU
		{603174EE-BBC3-4672-8847-898967F0ED49}.Debug|Any CPU.ActiveCfg = Debug|Any CPU
		{603174EE-BBC3-4672-8847-898967F0ED49}.Debug|Any CPU.Build.0 = Debug|Any CPU
		{603174EE-BBC3-4672-8847-898967F0ED49}.Release|Any CPU.ActiveCfg = Release|Any CPU
		{603174EE-BBC3-4672-8847-898967F0ED49}.Release|Any CPU.Build.0 = Release|Any CPU
		{DBB1EF73-6705-4786-9952-F0DDFBC35191}.Debug|Any CPU.ActiveCfg = Debug|Any CPU
		{DBB1EF73-6705-4786-9952-F0DDFBC35191}.Debug|Any CPU.Build.0 = Debug|Any CPU
		{DBB1EF73-6705-4786-9952-F0DDFBC35191}.Release|Any CPU.ActiveCfg = Release|Any CPU
		{DBB1EF73-6705-4786-9952-F0DDFBC35191}.Release|Any CPU.Build.0 = Release|Any CPU
	EndGlobalSection
EndGlobal
